Microsoft Visual Studio Solution File, Format Version 12.00
# Visual Studio Version 17
VisualStudioVersion = 17.0.31903.59
MinimumVisualStudioVersion = 10.0.40219.1
Project("{FAE04EC0-301F-11D3-BF4B-00C04F79EFBC}") = "Bookify.Api", "Bookify.Api\Bookify.Api.csproj", "{7DAAC7C7-2328-4415-9299-6033CFA85494}"
EndProject
Project("{FAE04EC0-301F-11D3-BF4B-00C04F79EFBC}") = "Bookify.Application.Business", "Bookify.Application\Bookify.Application.Business.csproj", "{C1AB4DAC-A1E1-4B30-AEC8-E1F6A99A545A}"
EndProject
Project("{FAE04EC0-301F-11D3-BF4B-00C04F79EFBC}") = "Bookify.Infrastructure.Data", "Bookify.Infrastructure\Bookify.Infrastructure.Data.csproj", "{4AF76F8F-2400-425D-A6C8-DCC978DB4127}"
EndProject
Project("{2150E333-8FDC-42A3-9474-1A3956D46DE8}") = "src", "src", "{02EA681E-C7D8-13C7-8484-4AC65E1B71E8}"
EndProject
Project("{FAE04EC0-301F-11D3-BF4B-00C04F79EFBC}") = "Bookify.Shared", "Bookify.Shared\Bookify.Shared.csproj", "{A7EEB999-356D-4E6C-8C88-539B5132379D}"
EndProject
Project("{2150E333-8FDC-42A3-9474-1A3956D46DE8}") = "tests", "tests", "{22A1C873-AD21-4E06-9086-323508ABD5B8}"
EndProject
Project("{FAE04EC0-301F-11D3-BF4B-00C04F79EFBC}") = "Bookify.Tests", "Bookify.Tests\Bookify.Tests.csproj", "{BCC9131B-136A-442E-8ECD-DBBF79E6E407}"
EndProject
Project("{2150E333-8FDC-42A3-9474-1A3956D46DE8}") = "src (2)", "src (2)", "{53A5857E-1D05-4C9B-B3E7-8CA33A7F053E}"
EndProject
Project("{2150E333-8FDC-42A3-9474-1A3956D46DE8}") = "tests (2)", "tests (2)", "{BA40D2C9-1DEE-44C8-B108-2D8A142F50D1}"
EndProject
Global
	GlobalSection(SolutionConfigurationPlatforms) = preSolution
		Debug|Any CPU = Debug|Any CPU
		Debug|x64 = Debug|x64
		Debug|x86 = Debug|x86
		Release|Any CPU = Release|Any CPU
		Release|x64 = Release|x64
		Release|x86 = Release|x86
	EndGlobalSection
	GlobalSection(ProjectConfigurationPlatforms) = postSolution
		{7DAAC7C7-2328-4415-9299-6033CFA85494}.Debug|Any CPU.ActiveCfg = Debug|Any CPU
		{7DAAC7C7-2328-4415-9299-6033CFA85494}.Debug|Any CPU.Build.0 = Debug|Any CPU
		{7DAAC7C7-2328-4415-9299-6033CFA85494}.Debug|x64.ActiveCfg = Debug|Any CPU
		{7DAAC7C7-2328-4415-9299-6033CFA85494}.Debug|x64.Build.0 = Debug|Any CPU
		{7DAAC7C7-2328-4415-9299-6033CFA85494}.Debug|x86.ActiveCfg = Debug|Any CPU
		{7DAAC7C7-2328-4415-9299-6033CFA85494}.Debug|x86.Build.0 = Debug|Any CPU
		{7DAAC7C7-2328-4415-9299-6033CFA85494}.Release|Any CPU.ActiveCfg = Release|Any CPU
		{7DAAC7C7-2328-4415-9299-6033CFA85494}.Release|Any CPU.Build.0 = Release|Any CPU
		{7DAAC7C7-2328-4415-9299-6033CFA85494}.Release|x64.ActiveCfg = Release|Any CPU
		{7DAAC7C7-2328-4415-9299-6033CFA85494}.Release|x64.Build.0 = Release|Any CPU
		{7DAAC7C7-2328-4415-9299-6033CFA85494}.Release|x86.ActiveCfg = Release|Any CPU
		{7DAAC7C7-2328-4415-9299-6033CFA85494}.Release|x86.Build.0 = Release|Any CPU
		{C1AB4DAC-A1E1-4B30-AEC8-E1F6A99A545A}.Debug|Any CPU.ActiveCfg = Debug|Any CPU
		{C1AB4DAC-A1E1-4B30-AEC8-E1F6A99A545A}.Debug|Any CPU.Build.0 = Debug|Any CPU
		{C1AB4DAC-A1E1-4B30-AEC8-E1F6A99A545A}.Debug|x64.ActiveCfg = Debug|Any CPU
		{C1AB4DAC-A1E1-4B30-AEC8-E1F6A99A545A}.Debug|x64.Build.0 = Debug|Any CPU
		{C1AB4DAC-A1E1-4B30-AEC8-E1F6A99A545A}.Debug|x86.ActiveCfg = Debug|Any CPU
		{C1AB4DAC-A1E1-4B30-AEC8-E1F6A99A545A}.Debug|x86.Build.0 = Debug|Any CPU
		{C1AB4DAC-A1E1-4B30-AEC8-E1F6A99A545A}.Release|Any CPU.ActiveCfg = Release|Any CPU
		{C1AB4DAC-A1E1-4B30-AEC8-E1F6A99A545A}.Release|Any CPU.Build.0 = Release|Any CPU
		{C1AB4DAC-A1E1-4B30-AEC8-E1F6A99A545A}.Release|x64.ActiveCfg = Release|Any CPU
		{C1AB4DAC-A1E1-4B30-AEC8-E1F6A99A545A}.Release|x64.Build.0 = Release|Any CPU
		{C1AB4DAC-A1E1-4B30-AEC8-E1F6A99A545A}.Release|x86.ActiveCfg = Release|Any CPU
		{C1AB4DAC-A1E1-4B30-AEC8-E1F6A99A545A}.Release|x86.Build.0 = Release|Any CPU
		{4AF76F8F-2400-425D-A6C8-DCC978DB4127}.Debug|Any CPU.ActiveCfg = Debug|Any CPU
		{4AF76F8F-2400-425D-A6C8-DCC978DB4127}.Debug|Any CPU.Build.0 = Debug|Any CPU
		{4AF76F8F-2400-425D-A6C8-DCC978DB4127}.Debug|x64.ActiveCfg = Debug|Any CPU
		{4AF76F8F-2400-425D-A6C8-DCC978DB4127}.Debug|x64.Build.0 = Debug|Any CPU
		{4AF76F8F-2400-425D-A6C8-DCC978DB4127}.Debug|x86.ActiveCfg = Debug|Any CPU
		{4AF76F8F-2400-425D-A6C8-DCC978DB4127}.Debug|x86.Build.0 = Debug|Any CPU
		{4AF76F8F-2400-425D-A6C8-DCC978DB4127}.Release|Any CPU.ActiveCfg = Release|Any CPU
		{4AF76F8F-2400-425D-A6C8-DCC978DB4127}.Release|Any CPU.Build.0 = Release|Any CPU
		{4AF76F8F-2400-425D-A6C8-DCC978DB4127}.Release|x64.ActiveCfg = Release|Any CPU
		{4AF76F8F-2400-425D-A6C8-DCC978DB4127}.Release|x64.Build.0 = Release|Any CPU
		{4AF76F8F-2400-425D-A6C8-DCC978DB4127}.Release|x86.ActiveCfg = Release|Any CPU
		{4AF76F8F-2400-425D-A6C8-DCC978DB4127}.Release|x86.Build.0 = Release|Any CPU
		{A7EEB999-356D-4E6C-8C88-539B5132379D}.Debug|Any CPU.ActiveCfg = Debug|Any CPU
		{A7EEB999-356D-4E6C-8C88-539B5132379D}.Debug|Any CPU.Build.0 = Debug|Any CPU
		{A7EEB999-356D-4E6C-8C88-539B5132379D}.Debug|x64.ActiveCfg = Debug|Any CPU
		{A7EEB999-356D-4E6C-8C88-539B5132379D}.Debug|x64.Build.0 = Debug|Any CPU
		{A7EEB999-356D-4E6C-8C88-539B5132379D}.Debug|x86.ActiveCfg = Debug|Any CPU
		{A7EEB999-356D-4E6C-8C88-539B5132379D}.Debug|x86.Build.0 = Debug|Any CPU
		{A7EEB999-356D-4E6C-8C88-539B5132379D}.Release|Any CPU.ActiveCfg = Release|Any CPU
		{A7EEB999-356D-4E6C-8C88-539B5132379D}.Release|Any CPU.Build.0 = Release|Any CPU
		{A7EEB999-356D-4E6C-8C88-539B5132379D}.Release|x64.ActiveCfg = Release|Any CPU
		{A7EEB999-356D-4E6C-8C88-539B5132379D}.Release|x64.Build.0 = Release|Any CPU
		{A7EEB999-356D-4E6C-8C88-539B5132379D}.Release|x86.ActiveCfg = Release|Any CPU
		{A7EEB999-356D-4E6C-8C88-539B5132379D}.Release|x86.Build.0 = Release|Any CPU
		{BCC9131B-136A-442E-8ECD-DBBF79E6E407}.Debug|Any CPU.ActiveCfg = Debug|Any CPU
		{BCC9131B-136A-442E-8ECD-DBBF79E6E407}.Debug|Any CPU.Build.0 = Debug|Any CPU
		{BCC9131B-136A-442E-8ECD-DBBF79E6E407}.Debug|x64.ActiveCfg = Debug|Any CPU
		{BCC9131B-136A-442E-8ECD-DBBF79E6E407}.Debug|x64.Build.0 = Debug|Any CPU
		{BCC9131B-136A-442E-8ECD-DBBF79E6E407}.Debug|x86.ActiveCfg = Debug|Any CPU
		{BCC9131B-136A-442E-8ECD-DBBF79E6E407}.Debug|x86.Build.0 = Debug|Any CPU
		{BCC9131B-136A-442E-8ECD-DBBF79E6E407}.Release|Any CPU.ActiveCfg = Release|Any CPU
		{BCC9131B-136A-442E-8ECD-DBBF79E6E407}.Release|Any CPU.Build.0 = Release|Any CPU
		{BCC9131B-136A-442E-8ECD-DBBF79E6E407}.Release|x64.ActiveCfg = Release|Any CPU
		{BCC9131B-136A-442E-8ECD-DBBF79E6E407}.Release|x64.Build.0 = Release|Any CPU
		{BCC9131B-136A-442E-8ECD-DBBF79E6E407}.Release|x86.ActiveCfg = Release|Any CPU
		{BCC9131B-136A-442E-8ECD-DBBF79E6E407}.Release|x86.Build.0 = Release|Any CPU
	EndGlobalSection
	GlobalSection(SolutionProperties) = preSolution
		HideSolutionNode = FALSE
	EndGlobalSection
	GlobalSection(NestedProjects) = preSolution
		{7DAAC7C7-2328-4415-9299-6033CFA85494} = {02EA681E-C7D8-13C7-8484-4AC65E1B71E8}
		{C1AB4DAC-A1E1-4B30-AEC8-E1F6A99A545A} = {02EA681E-C7D8-13C7-8484-4AC65E1B71E8}
		{4AF76F8F-2400-425D-A6C8-DCC978DB4127} = {02EA681E-C7D8-13C7-8484-4AC65E1B71E8}
		{A7EEB999-356D-4E6C-8C88-539B5132379D} = {02EA681E-C7D8-13C7-8484-4AC65E1B71E8}
		{BCC9131B-136A-442E-8ECD-DBBF79E6E407} = {22A1C873-AD21-4E06-9086-323508ABD5B8}
	EndGlobalSection
	GlobalSection(ExtensibilityGlobals) = postSolution
		SolutionGuid = {0E7599C5-9842-4BF9-A63F-118875E00307}
	EndGlobalSection
EndGlobal
